
# This file is automatically @generated by Poetry 1.6.1 and should not be changed by hand.

[[package]]
name = "basedmypy"
version = "2.3.0"
description = "Based static typing for Python"
optional = false
python-versions = ">=3.8"
files = [
    {file = "basedmypy-2.3.0-cp310-cp310-macosx_10_9_x86_64.whl", hash = "sha256:c38ea60a186ec5b4e5800c6b30f0d27d907eaf025a647c5d376c6e12b85dadde"},
    {file = "basedmypy-2.3.0-cp310-cp310-macosx_11_0_arm64.whl", hash = "sha256:19f21c43cfe4e8617410a7460863477a1be35b6125b80cc767c1aa1df148de0c"},
    {file = "basedmypy-2.3.0-cp310-cp310-manylinux_2_17_x86_64.manylinux2014_x86_64.whl", hash = "sha256:70b6b752f40e1d21e17500cf8041cd756d430b82cbf4ffce1f1b5b46593f8ce1"},
    {file = "basedmypy-2.3.0-cp310-cp310-musllinux_1_1_x86_64.whl", hash = "sha256:32da5239645abc17c2773becb6e42bfebf63134ac31db528906e7e7e8ed7067c"},
    {file = "basedmypy-2.3.0-cp310-cp310-win_amd64.whl", hash = "sha256:c3636e8d5a61124f2c2a262294ca0d97cc19245a677115ad99b90724087e6443"},
    {file = "basedmypy-2.3.0-cp311-cp311-macosx_10_9_x86_64.whl", hash = "sha256:b40542cce22b9b84d59631f1c09556b82bc6ca96f075a527390055154b1197b3"},
    {file = "basedmypy-2.3.0-cp311-cp311-macosx_11_0_arm64.whl", hash = "sha256:47e5d1529eccd3d890c66c69f75601d629d2402334d729c94ab4a34dfde250d2"},
    {file = "basedmypy-2.3.0-cp311-cp311-manylinux_2_17_x86_64.manylinux2014_x86_64.whl", hash = "sha256:d01ebdbc8c0fe55d4493388d00802fa46a8f9a131ab98fa8d068de599f09d484"},
    {file = "basedmypy-2.3.0-cp311-cp311-musllinux_1_1_x86_64.whl", hash = "sha256:5b882c8ccf24f3fb4df6c61357e58837dbfef177b235f818a5b258f41ff5b67e"},
    {file = "basedmypy-2.3.0-cp311-cp311-win_amd64.whl", hash = "sha256:bc90c2b54c7948866699ffb7800c309f3d94ff6174b507ea63d775873a35b63e"},
    {file = "basedmypy-2.3.0-cp312-cp312-macosx_10_9_x86_64.whl", hash = "sha256:d2a11517384ef58ac02cea60939ee8db9b948c3a19209d811ccd389ce229da32"},
    {file = "basedmypy-2.3.0-cp312-cp312-macosx_11_0_arm64.whl", hash = "sha256:6e8a3db700f6296ec4fdb3565c8f222d53f7e0f5756eec68ef42303862b8e5e0"},
    {file = "basedmypy-2.3.0-cp312-cp312-manylinux_2_17_x86_64.manylinux2014_x86_64.whl", hash = "sha256:95507d9f9c93b378f88990efba35a46ad99ff1452f4dae76cec87ab17212ef31"},
    {file = "basedmypy-2.3.0-cp312-cp312-musllinux_1_1_x86_64.whl", hash = "sha256:a19e0cba3573e9f4d3d8f59162e1412d8523fd10e250b53f28907367ec2372c9"},
    {file = "basedmypy-2.3.0-cp312-cp312-win_amd64.whl", hash = "sha256:42cbad82650345b41f13d7a5d86141502c8384f13bcab087550d6cfb5f66fdfb"},
    {file = "basedmypy-2.3.0-cp38-cp38-macosx_10_9_x86_64.whl", hash = "sha256:63d3621016dbfd568e464139326eb929532d18c597d6a6033c3f3f45c16f527c"},
    {file = "basedmypy-2.3.0-cp38-cp38-macosx_11_0_arm64.whl", hash = "sha256:8e69209909e454b42cd9337af89ad401207dc3dd315a180e3cc3e3905372d297"},
    {file = "basedmypy-2.3.0-cp38-cp38-manylinux_2_17_x86_64.manylinux2014_x86_64.whl", hash = "sha256:96f3f5bfb767b8110345e3c9b1122fc1841433b623fea7849c7ddfdaf82276fd"},
    {file = "basedmypy-2.3.0-cp38-cp38-musllinux_1_1_x86_64.whl", hash = "sha256:808309efb6a09004b1fe58eddcb337ba68c42a8cf0accda890d0dea203947f87"},
    {file = "basedmypy-2.3.0-cp38-cp38-win_amd64.whl", hash = "sha256:b9847cc608b4581c1ff8d2364ca0afc014bc222f86d6f06645488352469a25b8"},
    {file = "basedmypy-2.3.0-cp39-cp39-macosx_10_9_x86_64.whl", hash = "sha256:4109fad62459ecbd88097d8e5340afeda400ace34586c44d87d09b668f9d44d0"},
    {file = "basedmypy-2.3.0-cp39-cp39-macosx_11_0_arm64.whl", hash = "sha256:5d8805a62248002ff79ae95c63f06f8df9a18b6d15d2592b843dc351e14be778"},
    {file = "basedmypy-2.3.0-cp39-cp39-manylinux_2_17_x86_64.manylinux2014_x86_64.whl", hash = "sha256:e1a724142bcbfe7dcf863457d100eec98ae9412b12f8422121c1708240f57dbd"},
    {file = "basedmypy-2.3.0-cp39-cp39-musllinux_1_1_x86_64.whl", hash = "sha256:9fd17acb3eb2da752460442ace69cb71adbb401434724258141770bb97d139fd"},
    {file = "basedmypy-2.3.0-cp39-cp39-win_amd64.whl", hash = "sha256:1c5d471541a1f33dc6fc5e41876e07c0c42dcc93d400df2ab0abbc6d4e2340e8"},
    {file = "basedmypy-2.3.0-py3-none-any.whl", hash = "sha256:8e36e6ad996203d3f524afb6c96adc4b33203d94f35ff8703790629f117675ee"},
    {file = "basedmypy-2.3.0.tar.gz", hash = "sha256:0c4bafc220c65fb75ef6dcf9e44294ec7dbc317e385e96c57e40a8b4eccde4bc"},
]

[package.dependencies]
basedtyping = ">=0.0.3"
mypy-extensions = ">=1.0.0"
tomli = {version = ">=1.1.0", markers = "python_version < \"3.11\""}
typing-extensions = ">=4.1.0"

[package.extras]
dmypy = ["psutil (>=4.0)"]
install-types = ["pip"]
mypyc = ["setuptools (>=50)"]
reports = ["lxml"]

[[package]]
name = "black"
version = "23.11.0"
description = "The uncompromising code formatter."
optional = false
python-versions = ">=3.8"
files = [
    {file = "black-23.11.0-cp310-cp310-macosx_10_9_x86_64.whl", hash = "sha256:dbea0bb8575c6b6303cc65017b46351dc5953eea5c0a59d7b7e3a2d2f433a911"},
    {file = "black-23.11.0-cp310-cp310-macosx_11_0_arm64.whl", hash = "sha256:412f56bab20ac85927f3a959230331de5614aecda1ede14b373083f62ec24e6f"},
    {file = "black-23.11.0-cp310-cp310-manylinux_2_17_x86_64.manylinux2014_x86_64.whl", hash = "sha256:d136ef5b418c81660ad847efe0e55c58c8208b77a57a28a503a5f345ccf01394"},
    {file = "black-23.11.0-cp310-cp310-win_amd64.whl", hash = "sha256:6c1cac07e64433f646a9a838cdc00c9768b3c362805afc3fce341af0e6a9ae9f"},
    {file = "black-23.11.0-cp311-cp311-macosx_10_9_x86_64.whl", hash = "sha256:cf57719e581cfd48c4efe28543fea3d139c6b6f1238b3f0102a9c73992cbb479"},
    {file = "black-23.11.0-cp311-cp311-macosx_11_0_arm64.whl", hash = "sha256:698c1e0d5c43354ec5d6f4d914d0d553a9ada56c85415700b81dc90125aac244"},
    {file = "black-23.11.0-cp311-cp311-manylinux_2_17_x86_64.manylinux2014_x86_64.whl", hash = "sha256:760415ccc20f9e8747084169110ef75d545f3b0932ee21368f63ac0fee86b221"},
    {file = "black-23.11.0-cp311-cp311-win_amd64.whl", hash = "sha256:58e5f4d08a205b11800332920e285bd25e1a75c54953e05502052738fe16b3b5"},
    {file = "black-23.11.0-cp38-cp38-macosx_10_9_x86_64.whl", hash = "sha256:45aa1d4675964946e53ab81aeec7a37613c1cb71647b5394779e6efb79d6d187"},
    {file = "black-23.11.0-cp38-cp38-macosx_11_0_arm64.whl", hash = "sha256:4c44b7211a3a0570cc097e81135faa5f261264f4dfaa22bd5ee2875a4e773bd6"},
    {file = "black-23.11.0-cp38-cp38-manylinux_2_17_x86_64.manylinux2014_x86_64.whl", hash = "sha256:2a9acad1451632021ee0d146c8765782a0c3846e0e0ea46659d7c4f89d9b212b"},
    {file = "black-23.11.0-cp38-cp38-win_amd64.whl", hash = "sha256:fc7f6a44d52747e65a02558e1d807c82df1d66ffa80a601862040a43ec2e3142"},
    {file = "black-23.11.0-cp39-cp39-macosx_10_9_x86_64.whl", hash = "sha256:7f622b6822f02bfaf2a5cd31fdb7cd86fcf33dab6ced5185c35f5db98260b055"},
    {file = "black-23.11.0-cp39-cp39-macosx_11_0_arm64.whl", hash = "sha256:250d7e60f323fcfc8ea6c800d5eba12f7967400eb6c2d21ae85ad31c204fb1f4"},
    {file = "black-23.11.0-cp39-cp39-manylinux_2_17_x86_64.manylinux2014_x86_64.whl", hash = "sha256:5133f5507007ba08d8b7b263c7aa0f931af5ba88a29beacc4b2dc23fcefe9c06"},
    {file = "black-23.11.0-cp39-cp39-win_amd64.whl", hash = "sha256:421f3e44aa67138ab1b9bfbc22ee3780b22fa5b291e4db8ab7eee95200726b07"},
    {file = "black-23.11.0-py3-none-any.whl", hash = "sha256:54caaa703227c6e0c87b76326d0862184729a69b73d3b7305b6288e1d830067e"},
    {file = "black-23.11.0.tar.gz", hash = "sha256:4c68855825ff432d197229846f971bc4d6666ce90492e5b02013bcaca4d9ab05"},
]

[package.dependencies]
click = ">=8.0.0"
mypy-extensions = ">=0.4.3"
packaging = ">=22.0"
pathspec = ">=0.9.0"
platformdirs = ">=2"
tomli = {version = ">=1.1.0", markers = "python_version < \"3.11\""}
typing-extensions = {version = ">=4.0.1", markers = "python_version < \"3.11\""}

[package.extras]
colorama = ["colorama (>=0.4.3)"]
d = ["aiohttp (>=3.7.4)"]
jupyter = ["ipython (>=7.8.0)", "tokenize-rt (>=3.2.0)"]
uvloop = ["uvloop (>=0.15.2)"]

[[package]]
name = "click"
version = "8.1.7"
description = "Composable command line interface toolkit"
optional = false
python-versions = ">=3.7"
files = [
    {file = "click-8.1.7-py3-none-any.whl", hash = "sha256:ae74fb96c20a0277a1d615f1e4d73c8414f5a98db8b799a7931d1582f3390c28"},
    {file = "click-8.1.7.tar.gz", hash = "sha256:ca9853ad459e787e2192211578cc907e7594e294c7ccc834310722b41b9ca6de"},
]

[package.dependencies]
colorama = {version = "*", markers = "platform_system == \"Windows\""}

[[package]]
name = "colorama"
version = "0.4.6"
description = "Cross-platform colored terminal text."
optional = false
python-versions = "!=3.0.*,!=3.1.*,!=3.2.*,!=3.3.*,!=3.4.*,!=3.5.*,!=3.6.*,>=2.7"
files = [
    {file = "colorama-0.4.6-py2.py3-none-any.whl", hash = "sha256:4f1d9991f5acc0ca119f9d443620b77f9d6b33703e51011c16baf57afb285fc6"},
    {file = "colorama-0.4.6.tar.gz", hash = "sha256:08695f5cb7ed6e0531a20572697297273c47b8cae5a63ffc6d6ed5c201be6e44"},
]

[[package]]
name = "exceptiongroup"
version = "1.2.0"
description = "Backport of PEP 654 (exception groups)"
optional = false
python-versions = ">=3.7"
files = [
    {file = "exceptiongroup-1.2.0-py3-none-any.whl", hash = "sha256:4bfd3996ac73b41e9b9628b04e079f193850720ea5945fc96a08633c66912f14"},
    {file = "exceptiongroup-1.2.0.tar.gz", hash = "sha256:91f5c769735f051a4290d52edd0858999b57e5876e9f85937691bd4c9fa3ed68"},
]

[package.extras]
test = ["pytest (>=6)"]

[[package]]
name = "iniconfig"
version = "2.0.0"
description = "brain-dead simple config-ini parsing"
optional = false
python-versions = ">=3.7"
files = [
    {file = "iniconfig-2.0.0-py3-none-any.whl", hash = "sha256:b6a85871a79d2e3b22d2d1b94ac2824226a63c6b741c88f7ae975f18b6778374"},
    {file = "iniconfig-2.0.0.tar.gz", hash = "sha256:2d91e135bf72d31a410b17c16da610a82cb55f6b0477d1a902134b24a455b8b3"},
]

[[package]]
name = "mypy-extensions"
version = "1.0.0"
description = "Type system extensions for programs checked with the mypy type checker."
optional = false
python-versions = ">=3.5"
files = [
    {file = "mypy_extensions-1.0.0-py3-none-any.whl", hash = "sha256:4392f6c0eb8a5668a69e23d168ffa70f0be9ccfd32b5cc2d26a34ae5b844552d"},
    {file = "mypy_extensions-1.0.0.tar.gz", hash = "sha256:75dbf8955dc00442a438fc4d0666508a9a97b6bd41aa2f0ffe9d2f2725af0782"},
]

[[package]]
name = "packaging"
version = "23.2"
description = "Core utilities for Python packages"
optional = false
python-versions = ">=3.7"
files = [
    {file = "packaging-23.2-py3-none-any.whl", hash = "sha256:8c491190033a9af7e1d931d0b5dacc2ef47509b34dd0de67ed209b5203fc88c7"},
    {file = "packaging-23.2.tar.gz", hash = "sha256:048fb0e9405036518eaaf48a55953c750c11e1a1b68e0dd1a9d62ed0c092cfc5"},
]

[[package]]
name = "pathspec"
version = "0.12.0"
description = "Utility library for gitignore style pattern matching of file paths."
optional = false
python-versions = ">=3.8"
files = [
    {file = "pathspec-0.12.0-py3-none-any.whl", hash = "sha256:f1f8a7eab698c357945c85ed79715e014612b8584faebe209dca4558e2b09513"},
    {file = "pathspec-0.12.0.tar.gz", hash = "sha256:c57e16065a97b7beb175f13c84d27cb05f7b7315741c2fbd5de541042f4ea6e1"},
]

[[package]]
name = "platformdirs"
version = "4.1.0"
description = "A small Python package for determining appropriate platform-specific dirs, e.g. a \"user data dir\"."
optional = false
python-versions = ">=3.8"
files = [
    {file = "platformdirs-4.1.0-py3-none-any.whl", hash = "sha256:11c8f37bcca40db96d8144522d925583bdb7a31f7b0e37e3ed4318400a8e2380"},
    {file = "platformdirs-4.1.0.tar.gz", hash = "sha256:906d548203468492d432bcb294d4bc2fff751bf84971fbb2c10918cc206ee420"},
]

[package.extras]
docs = ["furo (>=2023.7.26)", "proselint (>=0.13)", "sphinx (>=7.1.1)", "sphinx-autodoc-typehints (>=1.24)"]
test = ["appdirs (==1.4.4)", "covdefaults (>=2.3)", "pytest (>=7.4)", "pytest-cov (>=4.1)", "pytest-mock (>=3.11.1)"]

[[package]]
name = "pluggy"
version = "1.3.0"
description = "plugin and hook calling mechanisms for python"
optional = false
python-versions = ">=3.8"
files = [
    {file = "pluggy-1.3.0-py3-none-any.whl", hash = "sha256:d89c696a773f8bd377d18e5ecda92b7a3793cbe66c87060a6fb58c7b6e1061f7"},
    {file = "pluggy-1.3.0.tar.gz", hash = "sha256:cf61ae8f126ac6f7c451172cf30e3e43d3ca77615509771b3a984a0730651e12"},
]

[package.extras]
dev = ["pre-commit", "tox"]
testing = ["pytest", "pytest-benchmark"]

[[package]]
name = "pytest"
version = "7.4.3"
description = "pytest: simple powerful testing with Python"
optional = false
python-versions = ">=3.7"
files = [
    {file = "pytest-7.4.3-py3-none-any.whl", hash = "sha256:0d009c083ea859a71b76adf7c1d502e4bc170b80a8ef002da5806527b9591fac"},
    {file = "pytest-7.4.3.tar.gz", hash = "sha256:d989d136982de4e3b29dabcc838ad581c64e8ed52c11fbe86ddebd9da0818cd5"},
]

[package.dependencies]
colorama = {version = "*", markers = "sys_platform == \"win32\""}
exceptiongroup = {version = ">=1.0.0rc8", markers = "python_version < \"3.11\""}
iniconfig = "*"
packaging = "*"
pluggy = ">=0.12,<2.0"
tomli = {version = ">=1.0.0", markers = "python_version < \"3.11\""}

[package.extras]
testing = ["argcomplete", "attrs (>=19.2.0)", "hypothesis (>=3.56)", "mock", "nose", "pygments (>=2.7.2)", "requests", "setuptools", "xmlschema"]

[[package]]
name = "ruff"
version = "0.1.7"
description = "An extremely fast Python linter and code formatter, written in Rust."
optional = false
python-versions = ">=3.7"
files = [
    {file = "ruff-0.1.7-py3-none-macosx_10_12_x86_64.macosx_11_0_arm64.macosx_10_12_universal2.whl", hash = "sha256:7f80496854fdc65b6659c271d2c26e90d4d401e6a4a31908e7e334fab4645aac"},
    {file = "ruff-0.1.7-py3-none-macosx_10_12_x86_64.whl", hash = "sha256:1ea109bdb23c2a4413f397ebd8ac32cb498bee234d4191ae1a310af760e5d287"},
    {file = "ruff-0.1.7-py3-none-manylinux_2_17_aarch64.manylinux2014_aarch64.whl", hash = "sha256:8b0c2de9dd9daf5e07624c24add25c3a490dbf74b0e9bca4145c632457b3b42a"},
    {file = "ruff-0.1.7-py3-none-manylinux_2_17_armv7l.manylinux2014_armv7l.whl", hash = "sha256:69a4bed13bc1d5dabf3902522b5a2aadfebe28226c6269694283c3b0cecb45fd"},
    {file = "ruff-0.1.7-py3-none-manylinux_2_17_i686.manylinux2014_i686.whl", hash = "sha256:de02ca331f2143195a712983a57137c5ec0f10acc4aa81f7c1f86519e52b92a1"},
    {file = "ruff-0.1.7-py3-none-manylinux_2_17_ppc64.manylinux2014_ppc64.whl", hash = "sha256:45b38c3f8788a65e6a2cab02e0f7adfa88872696839d9882c13b7e2f35d64c5f"},
    {file = "ruff-0.1.7-py3-none-manylinux_2_17_ppc64le.manylinux2014_ppc64le.whl", hash = "sha256:6c64cb67b2025b1ac6d58e5ffca8f7b3f7fd921f35e78198411237e4f0db8e73"},
    {file = "ruff-0.1.7-py3-none-manylinux_2_17_s390x.manylinux2014_s390x.whl", hash = "sha256:9dcc6bb2f4df59cb5b4b40ff14be7d57012179d69c6565c1da0d1f013d29951b"},
    {file = "ruff-0.1.7-py3-none-manylinux_2_17_x86_64.manylinux2014_x86_64.whl", hash = "sha256:df2bb4bb6bbe921f6b4f5b6fdd8d8468c940731cb9406f274ae8c5ed7a78c478"},
    {file = "ruff-0.1.7-py3-none-musllinux_1_2_aarch64.whl", hash = "sha256:276a89bcb149b3d8c1b11d91aa81898fe698900ed553a08129b38d9d6570e717"},
    {file = "ruff-0.1.7-py3-none-musllinux_1_2_armv7l.whl", hash = "sha256:90c958fe950735041f1c80d21b42184f1072cc3975d05e736e8d66fc377119ea"},
    {file = "ruff-0.1.7-py3-none-musllinux_1_2_i686.whl", hash = "sha256:6b05e3b123f93bb4146a761b7a7d57af8cb7384ccb2502d29d736eaade0db519"},
    {file = "ruff-0.1.7-py3-none-musllinux_1_2_x86_64.whl", hash = "sha256:290ecab680dce94affebefe0bbca2322a6277e83d4f29234627e0f8f6b4fa9ce"},
    {file = "ruff-0.1.7-py3-none-win32.whl", hash = "sha256:416dfd0bd45d1a2baa3b1b07b1b9758e7d993c256d3e51dc6e03a5e7901c7d80"},
    {file = "ruff-0.1.7-py3-none-win_amd64.whl", hash = "sha256:4af95fd1d3b001fc41325064336db36e3d27d2004cdb6d21fd617d45a172dd96"},
    {file = "ruff-0.1.7-py3-none-win_arm64.whl", hash = "sha256:0683b7bfbb95e6df3c7c04fe9d78f631f8e8ba4868dfc932d43d690698057e2e"},
    {file = "ruff-0.1.7.tar.gz", hash = "sha256:dffd699d07abf54833e5f6cc50b85a6ff043715da8788c4a79bcd4ab4734d306"},
]

[[package]]
name = "tomli"
version = "2.0.1"
description = "A lil' TOML parser"
optional = false
python-versions = ">=3.7"
files = [
    {file = "tomli-2.0.1-py3-none-any.whl", hash = "sha256:939de3e7a6161af0c887ef91b7d41a53e7c5a1ca976325f429cb46ea9bc30ecc"},
    {file = "tomli-2.0.1.tar.gz", hash = "sha256:de526c12914f0c550d15924c62d72abc48d6fe7364aa87328337a31007fe8a4f"},
]

[[package]]
name = "typing-extensions"
version = "4.9.0"
description = "Backported and Experimental Type Hints for Python 3.8+"
optional = false
python-versions = ">=3.8"
files = [
    {file = "typing_extensions-4.9.0-py3-none-any.whl", hash = "sha256:af72aea155e91adfc61c3ae9e0e342dbc0cba726d6cba4b6c72c1f34e47291cd"},
    {file = "typing_extensions-4.9.0.tar.gz", hash = "sha256:23478f88c37f27d76ac8aee6c905017a143b0b1b886c3c9f66bc2fd94f9f5783"},
]

[metadata]
lock-version = "2.0"
python-versions = "^3.8"
content-hash = "884b6207687487c3458444ba9484aabcaed74e7ca3fbf85b2c5131ce0f8b19bb"
