# This file is automatically @generated by Poetry 1.8.3 and should not be changed by hand.

[[package]]
name = "basedmypy"
version = "2.6.0"
description = "Based static typing for Python"
optional = false
python-versions = ">=3.8"
files = [
    {file = "basedmypy-2.6.0-cp310-cp310-macosx_10_9_x86_64.whl", hash = "sha256:2dde708c6e130df4d0ae5931095844cc4157ac0e1a99c676a023b1c31dbdccd4"},
    {file = "basedmypy-2.6.0-cp310-cp310-macosx_11_0_arm64.whl", hash = "sha256:bfaef963805a02c24153c3d8af89b508248cdedec63c937af01e94237902dbdd"},
    {file = "basedmypy-2.6.0-cp310-cp310-manylinux_2_17_x86_64.manylinux2014_x86_64.manylinux_2_28_x86_64.whl", hash = "sha256:cf928660d50ce1a2182b9162d15dca3b370a82a054a54c9cb7ec90f4b1f1cdc2"},
    {file = "basedmypy-2.6.0-cp310-cp310-musllinux_1_1_x86_64.whl", hash = "sha256:1cadba3f48ce22e82b7f31ab6dcad1d74c47f7aaf25a4aa094b1468923dd1292"},
    {file = "basedmypy-2.6.0-cp310-cp310-win_amd64.whl", hash = "sha256:5ee0b49c577d93d401b029eeeb028f130340ba05d6048ce6e6adcbc609846d3b"},
    {file = "basedmypy-2.6.0-cp311-cp311-macosx_10_9_x86_64.whl", hash = "sha256:e5bfcd0cd73aa51cf263fa88d6225f4dce8ddf24789ac7007f3b4f7ab410edf3"},
    {file = "basedmypy-2.6.0-cp311-cp311-macosx_11_0_arm64.whl", hash = "sha256:0e2dcade460f9837a84907c8dc2bb6186e3792779f482f09bd84ec160129b5ed"},
    {file = "basedmypy-2.6.0-cp311-cp311-manylinux_2_17_x86_64.manylinux2014_x86_64.manylinux_2_28_x86_64.whl", hash = "sha256:a12829f2619b733013d7fc9dfca76cdeb8c33724eab9d54ac5db7e23b902a0e3"},
    {file = "basedmypy-2.6.0-cp311-cp311-musllinux_1_1_x86_64.whl", hash = "sha256:9c16a1c36ba528d5922be8fbaa918616cfe82f041a6a8fb95ef0c580761818cc"},
    {file = "basedmypy-2.6.0-cp311-cp311-win_amd64.whl", hash = "sha256:fb22d5814601883451539ef83d2e362f6cad02a109afcf2af2628320cfc5198f"},
    {file = "basedmypy-2.6.0-cp312-cp312-macosx_10_9_x86_64.whl", hash = "sha256:590688b27afec8303b8e42043cd7afaa6b60d0ac0bb894a49e16f541378adca8"},
    {file = "basedmypy-2.6.0-cp312-cp312-macosx_11_0_arm64.whl", hash = "sha256:0dbf81111b710ab8fc4e6ba014061d71bcf5951c405d73220c783bc283691bff"},
    {file = "basedmypy-2.6.0-cp312-cp312-manylinux_2_17_x86_64.manylinux2014_x86_64.manylinux_2_28_x86_64.whl", hash = "sha256:e36eeb0f63e02b5ff9828208803b711d755ba493aba5b237832e38a8f4837ad1"},
    {file = "basedmypy-2.6.0-cp312-cp312-musllinux_1_1_x86_64.whl", hash = "sha256:b9819ea425a769b9bdfd8568d8ef6451e4f169f8df39fdb9d5014ee0a4ba15f4"},
    {file = "basedmypy-2.6.0-cp312-cp312-win_amd64.whl", hash = "sha256:74cecf63520469d49f360d4226701b4e563bfc911dc84747a9abf67a00133f8b"},
    {file = "basedmypy-2.6.0-cp38-cp38-macosx_10_9_x86_64.whl", hash = "sha256:5adf4a2b095002ce976d44cf4a7740bc6e500227f393b9ad4f93996cb175904e"},
    {file = "basedmypy-2.6.0-cp38-cp38-macosx_11_0_arm64.whl", hash = "sha256:974dd7432e0d4e1571aae6575d46745f5f4d86e22bd8aa638ec8eb37b7cd084b"},
    {file = "basedmypy-2.6.0-cp38-cp38-manylinux_2_17_x86_64.manylinux2014_x86_64.manylinux_2_28_x86_64.whl", hash = "sha256:a1c5990f1ceaf7d76f25fb10c63f26148e25ca53400f52bc1a380d3a73318fea"},
    {file = "basedmypy-2.6.0-cp38-cp38-musllinux_1_1_x86_64.whl", hash = "sha256:2e67e45ebd5c97754302be36bce4c5c2d45176407e39151e3984d952f88e5224"},
    {file = "basedmypy-2.6.0-cp38-cp38-win_amd64.whl", hash = "sha256:143db931ddca9cac9aafb4fc055acd2bb900320380723e2bd448b2070a88adbc"},
    {file = "basedmypy-2.6.0-cp39-cp39-macosx_10_9_x86_64.whl", hash = "sha256:ce962c7f2d63bf9e370a04ebd8b269de8f1d029199dbf1111623aea7b1e5e825"},
    {file = "basedmypy-2.6.0-cp39-cp39-macosx_11_0_arm64.whl", hash = "sha256:f3f32b1281a2b52bb10a3db07c474e90d244cc423345b5586869f8b4baca3a91"},
    {file = "basedmypy-2.6.0-cp39-cp39-manylinux_2_17_x86_64.manylinux2014_x86_64.manylinux_2_28_x86_64.whl", hash = "sha256:03369993451fed0f26df2705b8aa2cfe9c8ef5e8750f217acf5d08c726dc4749"},
    {file = "basedmypy-2.6.0-cp39-cp39-musllinux_1_1_x86_64.whl", hash = "sha256:3ac52f6b5f9ac9d9c2ec8873ba5f40140fd1dcbb47eb24977173fa4469752898"},
    {file = "basedmypy-2.6.0-cp39-cp39-win_amd64.whl", hash = "sha256:4ec34e2f6de049854399e7ca66bd0b4fe0f54ca76e96bc5573897d81ecb159ea"},
    {file = "basedmypy-2.6.0-py3-none-any.whl", hash = "sha256:329244dfbdd0507e83f6813e1509849e60b75321d193fa156f6151fb564faa17"},
    {file = "basedmypy-2.6.0.tar.gz", hash = "sha256:6ff3607d6e0ef776b9c0c9fdb24706f96783686ec7805c3bc28dd19eb07e5dbd"},
]

[package.dependencies]
basedtyping = ">=0.1.4"
mypy-extensions = ">=1.0.0"
tomli = {version = ">=1.1.0", markers = "python_version < \"3.11\""}
typing-extensions = ">=4.6.0"

[package.extras]
dmypy = ["psutil (>=4.0)"]
install-types = ["pip"]
mypyc = ["setuptools (>=50)"]
reports = ["lxml"]

[[package]]
name = "colorama"
version = "0.4.6"
description = "Cross-platform colored terminal text."
optional = false
python-versions = "!=3.0.*,!=3.1.*,!=3.2.*,!=3.3.*,!=3.4.*,!=3.5.*,!=3.6.*,>=2.7"
files = [
    {file = "colorama-0.4.6-py2.py3-none-any.whl", hash = "sha256:4f1d9991f5acc0ca119f9d443620b77f9d6b33703e51011c16baf57afb285fc6"},
    {file = "colorama-0.4.6.tar.gz", hash = "sha256:08695f5cb7ed6e0531a20572697297273c47b8cae5a63ffc6d6ed5c201be6e44"},
]

[[package]]
name = "exceptiongroup"
version = "1.2.2"
description = "Backport of PEP 654 (exception groups)"
optional = false
python-versions = ">=3.7"
files = [
    {file = "exceptiongroup-1.2.2-py3-none-any.whl", hash = "sha256:3111b9d131c238bec2f8f516e123e14ba243563fb135d3fe885990585aa7795b"},
    {file = "exceptiongroup-1.2.2.tar.gz", hash = "sha256:47c2edf7c6738fafb49fd34290706d1a1a2f4d1c6df275526b62cbb4aa5393cc"},
]

[package.extras]
test = ["pytest (>=6)"]

[[package]]
name = "iniconfig"
version = "2.0.0"
description = "brain-dead simple config-ini parsing"
optional = false
python-versions = ">=3.7"
files = [
    {file = "iniconfig-2.0.0-py3-none-any.whl", hash = "sha256:b6a85871a79d2e3b22d2d1b94ac2824226a63c6b741c88f7ae975f18b6778374"},
    {file = "iniconfig-2.0.0.tar.gz", hash = "sha256:2d91e135bf72d31a410b17c16da610a82cb55f6b0477d1a902134b24a455b8b3"},
]

[[package]]
name = "mypy-extensions"
version = "1.0.0"
description = "Type system extensions for programs checked with the mypy type checker."
optional = false
python-versions = ">=3.5"
files = [
    {file = "mypy_extensions-1.0.0-py3-none-any.whl", hash = "sha256:4392f6c0eb8a5668a69e23d168ffa70f0be9ccfd32b5cc2d26a34ae5b844552d"},
    {file = "mypy_extensions-1.0.0.tar.gz", hash = "sha256:75dbf8955dc00442a438fc4d0666508a9a97b6bd41aa2f0ffe9d2f2725af0782"},
]

[[package]]
name = "packaging"
version = "24.1"
description = "Core utilities for Python packages"
optional = false
python-versions = ">=3.8"
files = [
    {file = "packaging-24.1-py3-none-any.whl", hash = "sha256:5b8f2217dbdbd2f7f384c41c628544e6d52f2d0f53c6d0c3ea61aa5d1d7ff124"},
    {file = "packaging-24.1.tar.gz", hash = "sha256:026ed72c8ed3fcce5bf8950572258698927fd1dbda10a5e981cdf0ac37f4f002"},
]

[[package]]
name = "pluggy"
version = "1.5.0"
description = "plugin and hook calling mechanisms for python"
optional = false
python-versions = ">=3.8"
files = [
    {file = "pluggy-1.5.0-py3-none-any.whl", hash = "sha256:44e1ad92c8ca002de6377e165f3e0f1be63266ab4d554740532335b9d75ea669"},
    {file = "pluggy-1.5.0.tar.gz", hash = "sha256:2cffa88e94fdc978c4c574f15f9e59b7f4201d439195c3715ca9e2486f1d0cf1"},
]

[package.extras]
dev = ["pre-commit", "tox"]
testing = ["pytest", "pytest-benchmark"]

[[package]]
name = "pytest"
version = "8.3.2"
description = "pytest: simple powerful testing with Python"
optional = false
python-versions = ">=3.8"
files = [
    {file = "pytest-8.3.2-py3-none-any.whl", hash = "sha256:4ba08f9ae7dcf84ded419494d229b48d0903ea6407b030eaec46df5e6a73bba5"},
    {file = "pytest-8.3.2.tar.gz", hash = "sha256:c132345d12ce551242c87269de812483f5bcc87cdbb4722e48487ba194f9fdce"},
]

[package.dependencies]
colorama = {version = "*", markers = "sys_platform == \"win32\""}
exceptiongroup = {version = ">=1.0.0rc8", markers = "python_version < \"3.11\""}
iniconfig = "*"
packaging = "*"
pluggy = ">=1.5,<2"
tomli = {version = ">=1", markers = "python_version < \"3.11\""}

[package.extras]
dev = ["argcomplete", "attrs (>=19.2)", "hypothesis (>=3.56)", "mock", "pygments (>=2.7.2)", "requests", "setuptools", "xmlschema"]

[[package]]
name = "ruff"
version = "0.2.2"
description = "An extremely fast Python linter and code formatter, written in Rust."
optional = false
python-versions = ">=3.7"
files = [
    {file = "ruff-0.2.2-py3-none-macosx_10_12_x86_64.macosx_11_0_arm64.macosx_10_12_universal2.whl", hash = "sha256:0a9efb032855ffb3c21f6405751d5e147b0c6b631e3ca3f6b20f917572b97eb6"},
    {file = "ruff-0.2.2-py3-none-macosx_10_12_x86_64.whl", hash = "sha256:d450b7fbff85913f866a5384d8912710936e2b96da74541c82c1b458472ddb39"},
    {file = "ruff-0.2.2-py3-none-manylinux_2_17_aarch64.manylinux2014_aarch64.whl", hash = "sha256:ecd46e3106850a5c26aee114e562c329f9a1fbe9e4821b008c4404f64ff9ce73"},
    {file = "ruff-0.2.2-py3-none-manylinux_2_17_armv7l.manylinux2014_armv7l.whl", hash = "sha256:5e22676a5b875bd72acd3d11d5fa9075d3a5f53b877fe7b4793e4673499318ba"},
    {file = "ruff-0.2.2-py3-none-manylinux_2_17_i686.manylinux2014_i686.whl", hash = "sha256:1695700d1e25a99d28f7a1636d85bafcc5030bba9d0578c0781ba1790dbcf51c"},
    {file = "ruff-0.2.2-py3-none-manylinux_2_17_ppc64.manylinux2014_ppc64.whl", hash = "sha256:b0c232af3d0bd8f521806223723456ffebf8e323bd1e4e82b0befb20ba18388e"},
    {file = "ruff-0.2.2-py3-none-manylinux_2_17_ppc64le.manylinux2014_ppc64le.whl", hash = "sha256:f63d96494eeec2fc70d909393bcd76c69f35334cdbd9e20d089fb3f0640216ca"},
    {file = "ruff-0.2.2-py3-none-manylinux_2_17_s390x.manylinux2014_s390x.whl", hash = "sha256:6a61ea0ff048e06de273b2e45bd72629f470f5da8f71daf09fe481278b175001"},
    {file = "ruff-0.2.2-py3-none-manylinux_2_17_x86_64.manylinux2014_x86_64.whl", hash = "sha256:5e1439c8f407e4f356470e54cdecdca1bd5439a0673792dbe34a2b0a551a2fe3"},
    {file = "ruff-0.2.2-py3-none-musllinux_1_2_aarch64.whl", hash = "sha256:940de32dc8853eba0f67f7198b3e79bc6ba95c2edbfdfac2144c8235114d6726"},
    {file = "ruff-0.2.2-py3-none-musllinux_1_2_armv7l.whl", hash = "sha256:0c126da55c38dd917621552ab430213bdb3273bb10ddb67bc4b761989210eb6e"},
    {file = "ruff-0.2.2-py3-none-musllinux_1_2_i686.whl", hash = "sha256:3b65494f7e4bed2e74110dac1f0d17dc8e1f42faaa784e7c58a98e335ec83d7e"},
    {file = "ruff-0.2.2-py3-none-musllinux_1_2_x86_64.whl", hash = "sha256:1ec49be4fe6ddac0503833f3ed8930528e26d1e60ad35c2446da372d16651ce9"},
    {file = "ruff-0.2.2-py3-none-win32.whl", hash = "sha256:d920499b576f6c68295bc04e7b17b6544d9d05f196bb3aac4358792ef6f34325"},
    {file = "ruff-0.2.2-py3-none-win_amd64.whl", hash = "sha256:cc9a91ae137d687f43a44c900e5d95e9617cb37d4c989e462980ba27039d239d"},
    {file = "ruff-0.2.2-py3-none-win_arm64.whl", hash = "sha256:c9d15fc41e6054bfc7200478720570078f0b41c9ae4f010bcc16bd6f4d1aacdd"},
    {file = "ruff-0.2.2.tar.gz", hash = "sha256:e62ed7f36b3068a30ba39193a14274cd706bc486fad521276458022f7bccb31d"},
]

[[package]]
name = "tomli"
version = "2.0.1"
description = "A lil' TOML parser"
optional = false
python-versions = ">=3.7"
files = [
    {file = "tomli-2.0.1-py3-none-any.whl", hash = "sha256:939de3e7a6161af0c887ef91b7d41a53e7c5a1ca976325f429cb46ea9bc30ecc"},
    {file = "tomli-2.0.1.tar.gz", hash = "sha256:de526c12914f0c550d15924c62d72abc48d6fe7364aa87328337a31007fe8a4f"},
]

[[package]]
name = "typing-extensions"
version = "4.12.2"
description = "Backported and Experimental Type Hints for Python 3.8+"
optional = false
python-versions = ">=3.8"
files = [
    {file = "typing_extensions-4.12.2-py3-none-any.whl", hash = "sha256:04e5ca0351e0f3f85c6853954072df659d0d13fac324d0072316b67d7794700d"},
    {file = "typing_extensions-4.12.2.tar.gz", hash = "sha256:1a7ead55c7e559dd4dee8856e3a88b41225abfe1ce8df57b7c13915fe121ffb8"},
]

[metadata]
lock-version = "2.0"
python-versions = "^3.9"
content-hash = "373319d480ce46b0a60e4c71b84a00e007ec2b264ec7e3d8608ae2238dd2e4f2"
